
Microsoft Visual Studio Solution File, Format Version 12.00
# Visual Studio Version 17
VisualStudioVersion = 17.3.32819.101
MinimumVisualStudioVersion = 10.0.40219.1
Project("{9A19103F-16F7-4668-BE54-9A1E7A4F7556}") = "Application.WebApiLayer", "Application.WebApiLayer\Application.WebApiLayer.csproj", "{BDB38DD5-0964-43BE-82CD-2A4DD90CAA41}"
EndProject
Project("{2150E333-8FDC-42A3-9474-1A3956D46DE8}") = "Application", "Application", "{B496CF44-68EE-4F64-9C83-40EC827E5311}"
EndProject
Project("{2150E333-8FDC-42A3-9474-1A3956D46DE8}") = "Presentation", "Presentation", "{B3FC9962-AEE5-4E3D-89F4-E2E5405950D6}"
EndProject
Project("{54A90642-561A-4BB1-A94E-469ADEE60C69}") = "AngularClient", "AngularClient\AngularClient.esproj", "{58738504-DDA8-4AC6-B6CE-3FD6577442FE}"
EndProject
Global
	GlobalSection(SolutionConfigurationPlatforms) = preSolution
		Debug|Any CPU = Debug|Any CPU
		Release|Any CPU = Release|Any CPU
	EndGlobalSection
	GlobalSection(ProjectConfigurationPlatforms) = postSolution
		{BDB38DD5-0964-43BE-82CD-2A4DD90CAA41}.Debug|Any CPU.ActiveCfg = Debug|Any CPU
		{BDB38DD5-0964-43BE-82CD-2A4DD90CAA41}.Debug|Any CPU.Build.0 = Debug|Any CPU
		{BDB38DD5-0964-43BE-82CD-2A4DD90CAA41}.Release|Any CPU.ActiveCfg = Release|Any CPU
		{BDB38DD5-0964-43BE-82CD-2A4DD90CAA41}.Release|Any CPU.Build.0 = Release|Any CPU
		{58738504-DDA8-4AC6-B6CE-3FD6577442FE}.Debug|Any CPU.ActiveCfg = Debug|Any CPU
		{58738504-DDA8-4AC6-B6CE-3FD6577442FE}.Debug|Any CPU.Build.0 = Debug|Any CPU
		{58738504-DDA8-4AC6-B6CE-3FD6577442FE}.Debug|Any CPU.Deploy.0 = Debug|Any CPU
		{58738504-DDA8-4AC6-B6CE-3FD6577442FE}.Release|Any CPU.ActiveCfg = Release|Any CPU
		{58738504-DDA8-4AC6-B6CE-3FD6577442FE}.Release|Any CPU.Build.0 = Release|Any CPU
		{58738504-DDA8-4AC6-B6CE-3FD6577442FE}.Release|Any CPU.Deploy.0 = Release|Any CPU
	EndGlobalSection
	GlobalSection(SolutionProperties) = preSolution
		HideSolutionNode = FALSE
	EndGlobalSection
	GlobalSection(NestedProjects) = preSolution
		{BDB38DD5-0964-43BE-82CD-2A4DD90CAA41} = {B496CF44-68EE-4F64-9C83-40EC827E5311}
		{58738504-DDA8-4AC6-B6CE-3FD6577442FE} = {B3FC9962-AEE5-4E3D-89F4-E2E5405950D6}
	EndGlobalSection
	GlobalSection(ExtensibilityGlobals) = postSolution
		SolutionGuid = {ACD26E77-8427-4EC6-8885-0946BE031163}
	EndGlobalSection
EndGlobal
